
Microsoft Visual Studio Solution File, Format Version 12.00
# Visual Studio 15
VisualStudioVersion = 15.0.28307.960
MinimumVisualStudioVersion = 10.0.40219.1
Project("{FAE04EC0-301F-11D3-BF4B-00C04F79EFBC}") = "IksOks", "IksOks\IksOks.csproj", "{D37A5A85-6231-426F-9C0D-800936ED7871}"
EndProject
Global
	GlobalSection(SolutionConfigurationPlatforms) = preSolution
		Debug|Any CPU = Debug|Any CPU
		Release|Any CPU = Release|Any CPU
	EndGlobalSection
	GlobalSection(ProjectConfigurationPlatforms) = postSolution
		{D37A5A85-6231-426F-9C0D-800936ED7871}.Debug|Any CPU.ActiveCfg = Debug|Any CPU
		{D37A5A85-6231-426F-9C0D-800936ED7871}.Debug|Any CPU.Build.0 = Debug|Any CPU
		{D37A5A85-6231-426F-9C0D-800936ED7871}.Release|Any CPU.ActiveCfg = Release|Any CPU
		{D37A5A85-6231-426F-9C0D-800936ED7871}.Release|Any CPU.Build.0 = Release|Any CPU
	EndGlobalSection
	GlobalSection(SolutionProperties) = preSolution
		HideSolutionNode = FALSE
	EndGlobalSection
	GlobalSection(ExtensibilityGlobals) = postSolution
		SolutionGuid = {1B2B4A6A-7894-4B00-A447-265E84099CFC}
	EndGlobalSection
EndGlobal
